// !$*UTF8*$!
{
	archiveVersion = 1;
	classes = {
	};
	objectVersion = 50;
	objects = {

/* Begin PBXBuildFile section */
		33A276BE21AEA64900E1C32E /* AppDelegate.swift in Sources */ = {isa = PBXBuildFile; fileRef = 33A276BD21AEA64900E1C32E /* AppDelegate.swift */; };
		33A276C021AEA64900E1C32E /* ViewController.swift in Sources */ = {isa = PBXBuildFile; fileRef = 33A276BF21AEA64900E1C32E /* ViewController.swift */; };
		33A276C321AEA64900E1C32E /* Main.storyboard in Resources */ = {isa = PBXBuildFile; fileRef = 33A276C121AEA64900E1C32E /* Main.storyboard */; };
		33A276C521AEA64B00E1C32E /* Assets.xcassets in Resources */ = {isa = PBXBuildFile; fileRef = 33A276C421AEA64B00E1C32E /* Assets.xcassets */; };
		33A276C821AEA64B00E1C32E /* LaunchScreen.storyboard in Resources */ = {isa = PBXBuildFile; fileRef = 33A276C621AEA64B00E1C32E /* LaunchScreen.storyboard */; };
		33A276D321AEA64B00E1C32E /* Recetac_aosTests.swift in Sources */ = {isa = PBXBuildFile; fileRef = 33A276D221AEA64B00E1C32E /* Recetac_aosTests.swift */; };
		33A276DE21AEA64B00E1C32E /* Recetac_aosUITests.swift in Sources */ = {isa = PBXBuildFile; fileRef = 33A276DD21AEA64B00E1C32E /* Recetac_aosUITests.swift */; };
/* End PBXBuildFile section */

/* Begin PBXContainerItemProxy section */
		33A276CF21AEA64B00E1C32E /* PBXContainerItemProxy */ = {
			isa = PBXContainerItemProxy;
			containerPortal = 33A276B221AEA64900E1C32E /* Project object */;
			proxyType = 1;
			remoteGlobalIDString = 33A276B921AEA64900E1C32E;
			remoteInfo = "Recetaçaos";
		};
		33A276DA21AEA64B00E1C32E /* PBXContainerItemProxy */ = {
			isa = PBXContainerItemProxy;
			containerPortal = 33A276B221AEA64900E1C32E /* Project object */;
			proxyType = 1;
			remoteGlobalIDString = 33A276B921AEA64900E1C32E;
			remoteInfo = "Recetaçaos";
		};
/* End PBXContainerItemProxy section */

/* Begin PBXFileReference section */
		33A276BA21AEA64900E1C32E /* Recetaçaos.app */ = {isa = PBXFileReference; explicitFileType = wrapper.application; includeInIndex = 0; path = "Recetaçaos.app"; sourceTree = BUILT_PRODUCTS_DIR; };
		33A276BD21AEA64900E1C32E /* AppDelegate.swift */ = {isa = PBXFileReference; lastKnownFileType = sourcecode.swift; path = AppDelegate.swift; sourceTree = "<group>"; };
		33A276BF21AEA64900E1C32E /* ViewController.swift */ = {isa = PBXFileReference; lastKnownFileType = sourcecode.swift; path = ViewController.swift; sourceTree = "<group>"; };
		33A276C221AEA64900E1C32E /* Base */ = {isa = PBXFileReference; lastKnownFileType = file.storyboard; name = Base; path = Base.lproj/Main.storyboard; sourceTree = "<group>"; };
		33A276C421AEA64B00E1C32E /* Assets.xcassets */ = {isa = PBXFileReference; lastKnownFileType = folder.assetcatalog; path = Assets.xcassets; sourceTree = "<group>"; };
		33A276C721AEA64B00E1C32E /* Base */ = {isa = PBXFileReference; lastKnownFileType = file.storyboard; name = Base; path = Base.lproj/LaunchScreen.storyboard; sourceTree = "<group>"; };
		33A276C921AEA64B00E1C32E /* Info.plist */ = {isa = PBXFileReference; lastKnownFileType = text.plist.xml; path = Info.plist; sourceTree = "<group>"; };
		33A276CE21AEA64B00E1C32E /* RecetaçaosTests.xctest */ = {isa = PBXFileReference; explicitFileType = wrapper.cfbundle; includeInIndex = 0; path = "RecetaçaosTests.xctest"; sourceTree = BUILT_PRODUCTS_DIR; };
		33A276D221AEA64B00E1C32E /* Recetac_aosTests.swift */ = {isa = PBXFileReference; lastKnownFileType = sourcecode.swift; path = Recetac_aosTests.swift; sourceTree = "<group>"; };
		33A276D421AEA64B00E1C32E /* Info.plist */ = {isa = PBXFileReference; lastKnownFileType = text.plist.xml; path = Info.plist; sourceTree = "<group>"; };
		33A276D921AEA64B00E1C32E /* RecetaçaosUITests.xctest */ = {isa = PBXFileReference; explicitFileType = wrapper.cfbundle; includeInIndex = 0; path = "RecetaçaosUITests.xctest"; sourceTree = BUILT_PRODUCTS_DIR; };
		33A276DD21AEA64B00E1C32E /* Recetac_aosUITests.swift */ = {isa = PBXFileReference; lastKnownFileType = sourcecode.swift; path = Recetac_aosUITests.swift; sourceTree = "<group>"; };
		33A276DF21AEA64B00E1C32E /* Info.plist */ = {isa = PBXFileReference; lastKnownFileType = text.plist.xml; path = Info.plist; sourceTree = "<group>"; };
/* End PBXFileReference section */

/* Begin PBXFrameworksBuildPhase section */
		33A276B721AEA64900E1C32E /* Frameworks */ = {
			isa = PBXFrameworksBuildPhase;
			buildActionMask = 2147483647;
			files = (
			);
			runOnlyForDeploymentPostprocessing = 0;
		};
		33A276CB21AEA64B00E1C32E /* Frameworks */ = {
			isa = PBXFrameworksBuildPhase;
			buildActionMask = 2147483647;
			files = (
			);
			runOnlyForDeploymentPostprocessing = 0;
		};
		33A276D621AEA64B00E1C32E /* Frameworks */ = {
			isa = PBXFrameworksBuildPhase;
			buildActionMask = 2147483647;
			files = (
			);
			runOnlyForDeploymentPostprocessing = 0;
		};
/* End PBXFrameworksBuildPhase section */

/* Begin PBXGroup section */
		33A276B121AEA64900E1C32E = {
			isa = PBXGroup;
			children = (
				33A276BC21AEA64900E1C32E /* Recetaçaos */,
				33A276D121AEA64B00E1C32E /* RecetaçaosTests */,
				33A276DC21AEA64B00E1C32E /* RecetaçaosUITests */,
				33A276BB21AEA64900E1C32E /* Products */,
			);
			sourceTree = "<group>";
		};
		33A276BB21AEA64900E1C32E /* Products */ = {
			isa = PBXGroup;
			children = (
				33A276BA21AEA64900E1C32E /* Recetaçaos.app */,
				33A276CE21AEA64B00E1C32E /* RecetaçaosTests.xctest */,
				33A276D921AEA64B00E1C32E /* RecetaçaosUITests.xctest */,
			);
			name = Products;
			sourceTree = "<group>";
		};
		33A276BC21AEA64900E1C32E /* Recetaçaos */ = {
			isa = PBXGroup;
			children = (
				33A276BD21AEA64900E1C32E /* AppDelegate.swift */,
				33A276BF21AEA64900E1C32E /* ViewController.swift */,
				33A276C121AEA64900E1C32E /* Main.storyboard */,
				33A276C421AEA64B00E1C32E /* Assets.xcassets */,
				33A276C621AEA64B00E1C32E /* LaunchScreen.storyboard */,
				33A276C921AEA64B00E1C32E /* Info.plist */,
			);
			path = "Recetaçaos";
			sourceTree = "<group>";
		};
		33A276D121AEA64B00E1C32E /* RecetaçaosTests */ = {
			isa = PBXGroup;
			children = (
				33A276D221AEA64B00E1C32E /* Recetac_aosTests.swift */,
				33A276D421AEA64B00E1C32E /* Info.plist */,
			);
			path = "RecetaçaosTests";
			sourceTree = "<group>";
		};
		33A276DC21AEA64B00E1C32E /* RecetaçaosUITests */ = {
			isa = PBXGroup;
			children = (
				33A276DD21AEA64B00E1C32E /* Recetac_aosUITests.swift */,
				33A276DF21AEA64B00E1C32E /* Info.plist */,
			);
			path = "RecetaçaosUITests";
			sourceTree = "<group>";
		};
/* End PBXGroup section */

/* Begin PBXNativeTarget section */
		33A276B921AEA64900E1C32E /* Recetaçaos */ = {
			isa = PBXNativeTarget;
			buildConfigurationList = 33A276E221AEA64B00E1C32E /* Build configuration list for PBXNativeTarget "Recetaçaos" */;
			buildPhases = (
				33A276B621AEA64900E1C32E /* Sources */,
				33A276B721AEA64900E1C32E /* Frameworks */,
				33A276B821AEA64900E1C32E /* Resources */,
			);
			buildRules = (
			);
			dependencies = (
			);
			name = "Recetaçaos";
			productName = "Recetaçaos";
			productReference = 33A276BA21AEA64900E1C32E /* Recetaçaos.app */;
			productType = "com.apple.product-type.application";
		};
		33A276CD21AEA64B00E1C32E /* RecetaçaosTests */ = {
			isa = PBXNativeTarget;
			buildConfigurationList = 33A276E521AEA64B00E1C32E /* Build configuration list for PBXNativeTarget "RecetaçaosTests" */;
			buildPhases = (
				33A276CA21AEA64B00E1C32E /* Sources */,
				33A276CB21AEA64B00E1C32E /* Frameworks */,
				33A276CC21AEA64B00E1C32E /* Resources */,
			);
			buildRules = (
			);
			dependencies = (
				33A276D021AEA64B00E1C32E /* PBXTargetDependency */,
			);
			name = "RecetaçaosTests";
			productName = "RecetaçaosTests";
			productReference = 33A276CE21AEA64B00E1C32E /* RecetaçaosTests.xctest */;
			productType = "com.apple.product-type.bundle.unit-test";
		};
		33A276D821AEA64B00E1C32E /* RecetaçaosUITests */ = {
			isa = PBXNativeTarget;
			buildConfigurationList = 33A276E821AEA64B00E1C32E /* Build configuration list for PBXNativeTarget "RecetaçaosUITests" */;
			buildPhases = (
				33A276D521AEA64B00E1C32E /* Sources */,
				33A276D621AEA64B00E1C32E /* Frameworks */,
				33A276D721AEA64B00E1C32E /* Resources */,
			);
			buildRules = (
			);
			dependencies = (
				33A276DB21AEA64B00E1C32E /* PBXTargetDependency */,
			);
			name = "RecetaçaosUITests";
			productName = "RecetaçaosUITests";
			productReference = 33A276D921AEA64B00E1C32E /* RecetaçaosUITests.xctest */;
			productType = "com.apple.product-type.bundle.ui-testing";
		};
/* End PBXNativeTarget section */

/* Begin PBXProject section */
		33A276B221AEA64900E1C32E /* Project object */ = {
			isa = PBXProject;
			attributes = {
				LastSwiftUpdateCheck = 0930;
				LastUpgradeCheck = 0930;
				ORGANIZATIONNAME = "LUCAS PAJARES PRIETO";
				TargetAttributes = {
					33A276B921AEA64900E1C32E = {
						CreatedOnToolsVersion = 9.3;
					};
					33A276CD21AEA64B00E1C32E = {
						CreatedOnToolsVersion = 9.3;
						TestTargetID = 33A276B921AEA64900E1C32E;
					};
					33A276D821AEA64B00E1C32E = {
						CreatedOnToolsVersion = 9.3;
						TestTargetID = 33A276B921AEA64900E1C32E;
					};
				};
			};
			buildConfigurationList = 33A276B521AEA64900E1C32E /* Build configuration list for PBXProject "Recetaçaos" */;
			compatibilityVersion = "Xcode 9.3";
			developmentRegion = en;
			hasScannedForEncodings = 0;
			knownRegions = (
				en,
				Base,
			);
			mainGroup = 33A276B121AEA64900E1C32E;
			productRefGroup = 33A276BB21AEA64900E1C32E /* Products */;
			projectDirPath = "";
			projectRoot = "";
			targets = (
				33A276B921AEA64900E1C32E /* Recetaçaos */,
				33A276CD21AEA64B00E1C32E /* RecetaçaosTests */,
				33A276D821AEA64B00E1C32E /* RecetaçaosUITests */,
			);
		};
/* End PBXProject section */

/* Begin PBXResourcesBuildPhase section */
		33A276B821AEA64900E1C32E /* Resources */ = {
			isa = PBXResourcesBuildPhase;
			buildActionMask = 2147483647;
			files = (
				33A276C821AEA64B00E1C32E /* LaunchScreen.storyboard in Resources */,
				33A276C521AEA64B00E1C32E /* Assets.xcassets in Resources */,
				33A276C321AEA64900E1C32E /* Main.storyboard in Resources */,
			);
			runOnlyForDeploymentPostprocessing = 0;
		};
		33A276CC21AEA64B00E1C32E /* Resources */ = {
			isa = PBXResourcesBuildPhase;
			buildActionMask = 2147483647;
			files = (
			);
			runOnlyForDeploymentPostprocessing = 0;
		};
		33A276D721AEA64B00E1C32E /* Resources */ = {
			isa = PBXResourcesBuildPhase;
			buildActionMask = 2147483647;
			files = (
			);
			runOnlyForDeploymentPostprocessing = 0;
		};
/* End PBXResourcesBuildPhase section */

/* Begin PBXSourcesBuildPhase section */
		33A276B621AEA64900E1C32E /* Sources */ = {
			isa = PBXSourcesBuildPhase;
			buildActionMask = 2147483647;
			files = (
				33A276C021AEA64900E1C32E /* ViewController.swift in Sources */,
				33A276BE21AEA64900E1C32E /* AppDelegate.swift in Sources */,
			);
			runOnlyForDeploymentPostprocessing = 0;
		};
		33A276CA21AEA64B00E1C32E /* Sources */ = {
			isa = PBXSourcesBuildPhase;
			buildActionMask = 2147483647;
			files = (
				33A276D321AEA64B00E1C32E /* Recetac_aosTests.swift in Sources */,
			);
			runOnlyForDeploymentPostprocessing = 0;
		};
		33A276D521AEA64B00E1C32E /* Sources */ = {
			isa = PBXSourcesBuildPhase;
			buildActionMask = 2147483647;
			files = (
				33A276DE21AEA64B00E1C32E /* Recetac_aosUITests.swift in Sources */,
			);
			runOnlyForDeploymentPostprocessing = 0;
		};
/* End PBXSourcesBuildPhase section */

/* Begin PBXTargetDependency section */
		33A276D021AEA64B00E1C32E /* PBXTargetDependency */ = {
			isa = PBXTargetDependency;
			target = 33A276B921AEA64900E1C32E /* Recetaçaos */;
			targetProxy = 33A276CF21AEA64B00E1C32E /* PBXContainerItemProxy */;
		};
		33A276DB21AEA64B00E1C32E /* PBXTargetDependency */ = {
			isa = PBXTargetDependency;
			target = 33A276B921AEA64900E1C32E /* Recetaçaos */;
			targetProxy = 33A276DA21AEA64B00E1C32E /* PBXContainerItemProxy */;
		};
/* End PBXTargetDependency section */

/* Begin PBXVariantGroup section */
		33A276C121AEA64900E1C32E /* Main.storyboard */ = {
			isa = PBXVariantGroup;
			children = (
				33A276C221AEA64900E1C32E /* Base */,
			);
			name = Main.storyboard;
			sourceTree = "<group>";
		};
		33A276C621AEA64B00E1C32E /* LaunchScreen.storyboard */ = {
			isa = PBXVariantGroup;
			children = (
				33A276C721AEA64B00E1C32E /* Base */,
			);
			name = LaunchScreen.storyboard;
			sourceTree = "<group>";
		};
/* End PBXVariantGroup section */

/* Begin XCBuildConfiguration section */
		33A276E021AEA64B00E1C32E /* Debug */ = {
			isa = XCBuildConfiguration;
			buildSettings = {
				ALWAYS_SEARCH_USER_PATHS = NO;
				CLANG_ANALYZER_NONNULL = YES;
				CLANG_ANALYZER_NUMBER_OBJECT_CONVERSION = YES_AGGRESSIVE;
				CLANG_CXX_LANGUAGE_STANDARD = "gnu++14";
				CLANG_CXX_LIBRARY = "libc++";
				CLANG_ENABLE_MODULES = YES;
				CLANG_ENABLE_OBJC_ARC = YES;
				CLANG_ENABLE_OBJC_WEAK = YES;
				CLANG_WARN_BLOCK_CAPTURE_AUTORELEASING = YES;
				CLANG_WARN_BOOL_CONVERSION = YES;
				CLANG_WARN_COMMA = YES;
				CLANG_WARN_CONSTANT_CONVERSION = YES;
				CLANG_WARN_DEPRECATED_OBJC_IMPLEMENTATIONS = YES;
				CLANG_WARN_DIRECT_OBJC_ISA_USAGE = YES_ERROR;
				CLANG_WARN_DOCUMENTATION_COMMENTS = YES;
				CLANG_WARN_EMPTY_BODY = YES;
				CLANG_WARN_ENUM_CONVERSION = YES;
				CLANG_WARN_INFINITE_RECURSION = YES;
				CLANG_WARN_INT_CONVERSION = YES;
				CLANG_WARN_NON_LITERAL_NULL_CONVERSION = YES;
				CLANG_WARN_OBJC_IMPLICIT_RETAIN_SELF = YES;
				CLANG_WARN_OBJC_LITERAL_CONVERSION = YES;
				CLANG_WARN_OBJC_ROOT_CLASS = YES_ERROR;
				CLANG_WARN_RANGE_LOOP_ANALYSIS = YES;
				CLANG_WARN_STRICT_PROTOTYPES = YES;
				CLANG_WARN_SUSPICIOUS_MOVE = YES;
				CLANG_WARN_UNGUARDED_AVAILABILITY = YES_AGGRESSIVE;
				CLANG_WARN_UNREACHABLE_CODE = YES;
				CLANG_WARN__DUPLICATE_METHOD_MATCH = YES;
				CODE_SIGN_IDENTITY = "iPhone Developer";
				COPY_PHASE_STRIP = NO;
				DEBUG_INFORMATION_FORMAT = dwarf;
				ENABLE_STRICT_OBJC_MSGSEND = YES;
				ENABLE_TESTABILITY = YES;
				GCC_C_LANGUAGE_STANDARD = gnu11;
				GCC_DYNAMIC_NO_PIC = NO;
				GCC_NO_COMMON_BLOCKS = YES;
				GCC_OPTIMIZATION_LEVEL = 0;
				GCC_PREPROCESSOR_DEFINITIONS = (
					"DEBUG=1",
					"$(inherited)",
				);
				GCC_WARN_64_TO_32_BIT_CONVERSION = YES;
				GCC_WARN_ABOUT_RETURN_TYPE = YES_ERROR;
				GCC_WARN_UNDECLARED_SELECTOR = YES;
				GCC_WARN_UNINITIALIZED_AUTOS = YES_AGGRESSIVE;
				GCC_WARN_UNUSED_FUNCTION = YES;
				GCC_WARN_UNUSED_VARIABLE = YES;
				IPHONEOS_DEPLOYMENT_TARGET = 11.3;
				MTL_ENABLE_DEBUG_INFO = YES;
				ONLY_ACTIVE_ARCH = YES;
				SDKROOT = iphoneos;
				SWIFT_ACTIVE_COMPILATION_CONDITIONS = DEBUG;
				SWIFT_OPTIMIZATION_LEVEL = "-Onone";
			};
			name = Debug;
		};
		33A276E121AEA64B00E1C32E /* Release */ = {
			isa = XCBuildConfiguration;
			buildSettings = {
				ALWAYS_SEARCH_USER_PATHS = NO;
				CLANG_ANALYZER_NONNULL = YES;
				CLANG_ANALYZER_NUMBER_OBJECT_CONVERSION = YES_AGGRESSIVE;
				CLANG_CXX_LANGUAGE_STANDARD = "gnu++14";
				CLANG_CXX_LIBRARY = "libc++";
				CLANG_ENABLE_MODULES = YES;
				CLANG_ENABLE_OBJC_ARC = YES;
				CLANG_ENABLE_OBJC_WEAK = YES;
				CLANG_WARN_BLOCK_CAPTURE_AUTORELEASING = YES;
				CLANG_WARN_BOOL_CONVERSION = YES;
				CLANG_WARN_COMMA = YES;
				CLANG_WARN_CONSTANT_CONVERSION = YES;
				CLANG_WARN_DEPRECATED_OBJC_IMPLEMENTATIONS = YES;
				CLANG_WARN_DIRECT_OBJC_ISA_USAGE = YES_ERROR;
				CLANG_WARN_DOCUMENTATION_COMMENTS = YES;
				CLANG_WARN_EMPTY_BODY = YES;
				CLANG_WARN_ENUM_CONVERSION = YES;
				CLANG_WARN_INFINITE_RECURSION = YES;
				CLANG_WARN_INT_CONVERSION = YES;
				CLANG_WARN_NON_LITERAL_NULL_CONVERSION = YES;
				CLANG_WARN_OBJC_IMPLICIT_RETAIN_SELF = YES;
				CLANG_WARN_OBJC_LITERAL_CONVERSION = YES;
				CLANG_WARN_OBJC_ROOT_CLASS = YES_ERROR;
				CLANG_WARN_RANGE_LOOP_ANALYSIS = YES;
				CLANG_WARN_STRICT_PROTOTYPES = YES;
				CLANG_WARN_SUSPICIOUS_MOVE = YES;
				CLANG_WARN_UNGUARDED_AVAILABILITY = YES_AGGRESSIVE;
				CLANG_WARN_UNREACHABLE_CODE = YES;
				CLANG_WARN__DUPLICATE_METHOD_MATCH = YES;
				CODE_SIGN_IDENTITY = "iPhone Developer";
				COPY_PHASE_STRIP = NO;
				DEBUG_INFORMATION_FORMAT = "dwarf-with-dsym";
				ENABLE_NS_ASSERTIONS = NO;
				ENABLE_STRICT_OBJC_MSGSEND = YES;
				GCC_C_LANGUAGE_STANDARD = gnu11;
				GCC_NO_COMMON_BLOCKS = YES;
				GCC_WARN_64_TO_32_BIT_CONVERSION = YES;
				GCC_WARN_ABOUT_RETURN_TYPE = YES_ERROR;
				GCC_WARN_UNDECLARED_SELECTOR = YES;
				GCC_WARN_UNINITIALIZED_AUTOS = YES_AGGRESSIVE;
				GCC_WARN_UNUSED_FUNCTION = YES;
				GCC_WARN_UNUSED_VARIABLE = YES;
				IPHONEOS_DEPLOYMENT_TARGET = 11.3;
				MTL_ENABLE_DEBUG_INFO = NO;
				SDKROOT = iphoneos;
				SWIFT_COMPILATION_MODE = wholemodule;
				SWIFT_OPTIMIZATION_LEVEL = "-O";
				VALIDATE_PRODUCT = YES;
			};
			name = Release;
		};
		33A276E321AEA64B00E1C32E /* Debug */ = {
			isa = XCBuildConfiguration;
			buildSettings = {
				ASSETCATALOG_COMPILER_APPICON_NAME = AppIcon;
				CODE_SIGN_STYLE = Automatic;
				INFOPLIST_FILE = "Recetaçaos/Info.plist";
				LD_RUNPATH_SEARCH_PATHS = (
					"$(inherited)",
					"@executable_path/Frameworks",
				);
				PRODUCT_BUNDLE_IDENTIFIER = "lmao.Recetac-aos";
				PRODUCT_NAME = "$(TARGET_NAME)";
				SWIFT_VERSION = 4.0;
				TARGETED_DEVICE_FAMILY = "1,2";
			};
			name = Debug;
		};
		33A276E421AEA64B00E1C32E /* Release */ = {
			isa = XCBuildConfiguration;
			buildSettings = {
				ASSETCATALOG_COMPILER_APPICON_NAME = AppIcon;
				CODE_SIGN_STYLE = Automatic;
				INFOPLIST_FILE = "Recetaçaos/Info.plist";
				LD_RUNPATH_SEARCH_PATHS = (
					"$(inherited)",
					"@executable_path/Frameworks",
				);
				PRODUCT_BUNDLE_IDENTIFIER = "lmao.Recetac-aos";
				PRODUCT_NAME = "$(TARGET_NAME)";
				SWIFT_VERSION = 4.0;
				TARGETED_DEVICE_FAMILY = "1,2";
			};
			name = Release;
		};
		33A276E621AEA64B00E1C32E /* Debug */ = {
			isa = XCBuildConfiguration;
			buildSettings = {
				ALWAYS_EMBED_SWIFT_STANDARD_LIBRARIES = YES;
				BUNDLE_LOADER = "$(TEST_HOST)";
				CODE_SIGN_STYLE = Automatic;
				INFOPLIST_FILE = "RecetaçaosTests/Info.plist";
				LD_RUNPATH_SEARCH_PATHS = (
					"$(inherited)",
					"@executable_path/Frameworks",
					"@loader_path/Frameworks",
				);
				PRODUCT_BUNDLE_IDENTIFIER = "lmao.Recetac-aosTests";
				PRODUCT_NAME = "$(TARGET_NAME)";
				SWIFT_VERSION = 4.0;
				TARGETED_DEVICE_FAMILY = "1,2";
				TEST_HOST = "$(BUILT_PRODUCTS_DIR)/Recetaçaos.app/Recetaçaos";
			};
			name = Debug;
		};
		33A276E721AEA64B00E1C32E /* Release */ = {
			isa = XCBuildConfiguration;
			buildSettings = {
				ALWAYS_EMBED_SWIFT_STANDARD_LIBRARIES = YES;
				BUNDLE_LOADER = "$(TEST_HOST)";
				CODE_SIGN_STYLE = Automatic;
				INFOPLIST_FILE = "RecetaçaosTests/Info.plist";
				LD_RUNPATH_SEARCH_PATHS = (
					"$(inherited)",
					"@executable_path/Frameworks",
					"@loader_path/Frameworks",
				);
				PRODUCT_BUNDLE_IDENTIFIER = "lmao.Recetac-aosTests";
				PRODUCT_NAME = "$(TARGET_NAME)";
				SWIFT_VERSION = 4.0;
				TARGETED_DEVICE_FAMILY = "1,2";
				TEST_HOST = "$(BUILT_PRODUCTS_DIR)/Recetaçaos.app/Recetaçaos";
			};
			name = Release;
		};
		33A276E921AEA64B00E1C32E /* Debug */ = {
			isa = XCBuildConfiguration;
			buildSettings = {
				ALWAYS_EMBED_SWIFT_STANDARD_LIBRARIES = YES;
				CODE_SIGN_STYLE = Automatic;
				INFOPLIST_FILE = "RecetaçaosUITests/Info.plist";
				LD_RUNPATH_SEARCH_PATHS = (
					"$(inherited)",
					"@executable_path/Frameworks",
					"@loader_path/Frameworks",
				);
				PRODUCT_BUNDLE_IDENTIFIER = "lmao.Recetac-aosUITests";
				PRODUCT_NAME = "$(TARGET_NAME)";
				SWIFT_VERSION = 4.0;
				TARGETED_DEVICE_FAMILY = "1,2";
				TEST_TARGET_NAME = "Recetaçaos";
			};
			name = Debug;
		};
		33A276EA21AEA64B00E1C32E /* Release */ = {
			isa = XCBuildConfiguration;
			buildSettings = {
				ALWAYS_EMBED_SWIFT_STANDARD_LIBRARIES = YES;
				CODE_SIGN_STYLE = Automatic;
				INFOPLIST_FILE = "RecetaçaosUITests/Info.plist";
				LD_RUNPATH_SEARCH_PATHS = (
					"$(inherited)",
					"@executable_path/Frameworks",
					"@loader_path/Frameworks",
				);
				PRODUCT_BUNDLE_IDENTIFIER = "lmao.Recetac-aosUITests";
				PRODUCT_NAME = "$(TARGET_NAME)";
				SWIFT_VERSION = 4.0;
				TARGETED_DEVICE_FAMILY = "1,2";
				TEST_TARGET_NAME = "Recetaçaos";
			};
			name = Release;
		};
/* End XCBuildConfiguration section */

/* Begin XCConfigurationList section */
		33A276B521AEA64900E1C32E /* Build configuration list for PBXProject "Recetaçaos" */ = {
			isa = XCConfigurationList;
			buildConfigurations = (
				33A276E021AEA64B00E1C32E /* Debug */,
				33A276E121AEA64B00E1C32E /* Release */,
			);
			defaultConfigurationIsVisible = 0;
			defaultConfigurationName = Release;
		};
		33A276E221AEA64B00E1C32E /* Build configuration list for PBXNativeTarget "Recetaçaos" */ = {
			isa = XCConfigurationList;
			buildConfigurations = (
				33A276E321AEA64B00E1C32E /* Debug */,
				33A276E421AEA64B00E1C32E /* Release */,
			);
			defaultConfigurationIsVisible = 0;
			defaultConfigurationName = Release;
		};
		33A276E521AEA64B00E1C32E /* Build configuration list for PBXNativeTarget "RecetaçaosTests" */ = {
			isa = XCConfigurationList;
			buildConfigurations = (
				33A276E621AEA64B00E1C32E /* Debug */,
				33A276E721AEA64B00E1C32E /* Release */,
			);
			defaultConfigurationIsVisible = 0;
			defaultConfigurationName = Release;
		};
		33A276E821AEA64B00E1C32E /* Build configuration list for PBXNativeTarget "RecetaçaosUITests" */ = {
			isa = XCConfigurationList;
			buildConfigurations = (
				33A276E921AEA64B00E1C32E /* Debug */,
				33A276EA21AEA64B00E1C32E /* Release */,
			);
			defaultConfigurationIsVisible = 0;
			defaultConfigurationName = Release;
		};
/* End XCConfigurationList section */
	};
	rootObject = 33A276B221AEA64900E1C32E /* Project object */;
}
